
Microsoft Visual Studio Solution File, Format Version 12.00
# Visual Studio Version 17
VisualStudioVersion = 17.10.35013.160
MinimumVisualStudioVersion = 10.0.40219.1
Project("{FAE04EC0-301F-11D3-BF4B-00C04F79EFBC}") = "CryptoDCACalculator", "CryptoDCACalculator\CryptoDCACalculator.csproj", "{61F1BDB1-A10C-4DDE-B2FC-9479F5F78D70}"
EndProject
Global
	GlobalSection(SolutionConfigurationPlatforms) = preSolution
		Debug|Any CPU = Debug|Any CPU
		Release|Any CPU = Release|Any CPU
	EndGlobalSection
	GlobalSection(ProjectConfigurationPlatforms) = postSolution
		{61F1BDB1-A10C-4DDE-B2FC-9479F5F78D70}.Debug|Any CPU.ActiveCfg = Debug|Any CPU
		{61F1BDB1-A10C-4DDE-B2FC-9479F5F78D70}.Debug|Any CPU.Build.0 = Debug|Any CPU
		{61F1BDB1-A10C-4DDE-B2FC-9479F5F78D70}.Release|Any CPU.ActiveCfg = Release|Any CPU
		{61F1BDB1-A10C-4DDE-B2FC-9479F5F78D70}.Release|Any CPU.Build.0 = Release|Any CPU
	EndGlobalSection
	GlobalSection(SolutionProperties) = preSolution
		HideSolutionNode = FALSE
	EndGlobalSection
	GlobalSection(ExtensibilityGlobals) = postSolution
		SolutionGuid = {99F0DF52-C7DE-4185-87C7-B22985661184}
	EndGlobalSection
EndGlobal
